
Microsoft Visual Studio Solution File, Format Version 12.00
Project("{FAE04EC0-301F-11D3-BF4B-00C04F79EFBC}") = "Sqs.Email.Forwarder", "src\Sqs.Email.Forwarder\Sqs.Email.Forwarder.csproj", "{CE7B8D2A-053D-4E11-B8B7-8876DCC6727E}"
EndProject
Project("{FAE04EC0-301F-11D3-BF4B-00C04F79EFBC}") = "Sqs.Email.Forwarder.Tests", "test\Sqs.Email.Forwarder.Tests\Sqs.Email.Forwarder.Tests.csproj", "{A6FA926E-B587-407C-BA62-03D8A629285F}"
EndProject
Global
	GlobalSection(SolutionConfigurationPlatforms) = preSolution
		Debug|Any CPU = Debug|Any CPU
		Release|Any CPU = Release|Any CPU
	EndGlobalSection
	GlobalSection(ProjectConfigurationPlatforms) = postSolution
		{CE7B8D2A-053D-4E11-B8B7-8876DCC6727E}.Debug|Any CPU.ActiveCfg = Debug|Any CPU
		{CE7B8D2A-053D-4E11-B8B7-8876DCC6727E}.Debug|Any CPU.Build.0 = Debug|Any CPU
		{CE7B8D2A-053D-4E11-B8B7-8876DCC6727E}.Release|Any CPU.ActiveCfg = Release|Any CPU
		{CE7B8D2A-053D-4E11-B8B7-8876DCC6727E}.Release|Any CPU.Build.0 = Release|Any CPU
		{A6FA926E-B587-407C-BA62-03D8A629285F}.Debug|Any CPU.ActiveCfg = Debug|Any CPU
		{A6FA926E-B587-407C-BA62-03D8A629285F}.Debug|Any CPU.Build.0 = Debug|Any CPU
		{A6FA926E-B587-407C-BA62-03D8A629285F}.Release|Any CPU.ActiveCfg = Release|Any CPU
		{A6FA926E-B587-407C-BA62-03D8A629285F}.Release|Any CPU.Build.0 = Release|Any CPU
	EndGlobalSection
EndGlobal
